{
    "_meta": {
        "hash": {
            "sha256": "522d4a5e201e216131980c10f15114b82136bc54902025cad4230c5d7aed7a5f"
        },
        "pipfile-spec": 6,
        "requires": {
            "python_version": "3.8"
        },
        "sources": [
            {
                "name": "pypi",
                "url": "https://pypi.org/simple",
                "verify_ssl": true
            }
        ]
    },
    "default": {
        "beautifulsoup4": {
            "hashes": [
                "sha256:73cc4d115b96f79c7d77c1c7f7a0a8d4c57860d1041df407dd1aae7f07a77fd7",
                "sha256:a6237df3c32ccfaee4fd201c8f5f9d9df619b93121d01353a64a73ce8c6ef9a8",
                "sha256:e718f2342e2e099b640a34ab782407b7b676f47ee272d6739e60b8ea23829f2c"
            ],
            "index": "pypi",
            "version": "==4.9.1"
        },
        "cachetools": {
            "hashes": [
                "sha256:1d057645db16ca7fe1f3bd953558897603d6f0b9c51ed9d11eb4d071ec4e2aab",
                "sha256:de5d88f87781602201cde465d3afe837546663b168e8b39df67411b0bf10cefc"
            ],
            "markers": "python_version ~= '3.5'",
            "version": "==4.1.0"
        },
        "certifi": {
            "hashes": [
                "sha256:5ad7e9a056d25ffa5082862e36f119f7f7cec6457fa07ee2f8c339814b80c9b1",
                "sha256:9cd41137dc19af6a5e03b630eefe7d1f458d964d406342dd3edf625839b944cc"
            ],
            "version": "==2020.4.5.2"
        },
        "cffi": {
            "hashes": [
                "sha256:001bf3242a1bb04d985d63e138230802c6c8d4db3668fb545fb5005ddf5bb5ff",
                "sha256:00789914be39dffba161cfc5be31b55775de5ba2235fe49aa28c148236c4e06b",
                "sha256:028a579fc9aed3af38f4892bdcc7390508adabc30c6af4a6e4f611b0c680e6ac",
                "sha256:14491a910663bf9f13ddf2bc8f60562d6bc5315c1f09c704937ef17293fb85b0",
                "sha256:1cae98a7054b5c9391eb3249b86e0e99ab1e02bb0cc0575da191aedadbdf4384",
                "sha256:2089ed025da3919d2e75a4d963d008330c96751127dd6f73c8dc0c65041b4c26",
                "sha256:2d384f4a127a15ba701207f7639d94106693b6cd64173d6c8988e2c25f3ac2b6",
                "sha256:337d448e5a725bba2d8293c48d9353fc68d0e9e4088d62a9571def317797522b",
                "sha256:399aed636c7d3749bbed55bc907c3288cb43c65c4389964ad5ff849b6370603e",
                "sha256:3b911c2dbd4f423b4c4fcca138cadde747abdb20d196c4a48708b8a2d32b16dd",
                "sha256:3d311bcc4a41408cf5854f06ef2c5cab88f9fded37a3b95936c9879c1640d4c2",
                "sha256:62ae9af2d069ea2698bf536dcfe1e4eed9090211dbaafeeedf5cb6c41b352f66",
                "sha256:66e41db66b47d0d8672d8ed2708ba91b2f2524ece3dee48b5dfb36be8c2f21dc",
                "sha256:675686925a9fb403edba0114db74e741d8181683dcf216be697d208857e04ca8",
                "sha256:7e63cbcf2429a8dbfe48dcc2322d5f2220b77b2e17b7ba023d6166d84655da55",
                "sha256:8a6c688fefb4e1cd56feb6c511984a6c4f7ec7d2a1ff31a10254f3c817054ae4",
                "sha256:8c0ffc886aea5df6a1762d0019e9cb05f825d0eec1f520c51be9d198701daee5",
                "sha256:95cd16d3dee553f882540c1ffe331d085c9e629499ceadfbda4d4fde635f4b7d",
                "sha256:99f748a7e71ff382613b4e1acc0ac83bf7ad167fb3802e35e90d9763daba4d78",
                "sha256:b8c78301cefcf5fd914aad35d3c04c2b21ce8629b5e4f4e45ae6812e461910fa",
                "sha256:c420917b188a5582a56d8b93bdd8e0f6eca08c84ff623a4c16e809152cd35793",
                "sha256:c43866529f2f06fe0edc6246eb4faa34f03fe88b64a0a9a942561c8e22f4b71f",
                "sha256:cab50b8c2250b46fe738c77dbd25ce017d5e6fb35d3407606e7a4180656a5a6a",
                "sha256:cef128cb4d5e0b3493f058f10ce32365972c554572ff821e175dbc6f8ff6924f",
                "sha256:cf16e3cf6c0a5fdd9bc10c21687e19d29ad1fe863372b5543deaec1039581a30",
                "sha256:e56c744aa6ff427a607763346e4170629caf7e48ead6921745986db3692f987f",
                "sha256:e577934fc5f8779c554639376beeaa5657d54349096ef24abe8c74c5d9c117c3",
                "sha256:f2b0fa0c01d8a0c7483afd9f31d7ecf2d71760ca24499c8697aeb5ca37dc090c"
            ],
            "version": "==1.14.0"
        },
        "chardet": {
            "hashes": [
                "sha256:84ab92ed1c4d4f16916e05906b6b75a6c0fb5db821cc65e70cbd64a3e2a5eaae",
                "sha256:fc323ffcaeaed0e0a02bf4d117757b98aed530d9ed4531e3e15460124c106691"
            ],
            "version": "==3.0.4"
        },
        "cryptography": {
            "hashes": [
                "sha256:091d31c42f444c6f519485ed528d8b451d1a0c7bf30e8ca583a0cac44b8a0df6",
                "sha256:18452582a3c85b96014b45686af264563e3e5d99d226589f057ace56196ec78b",
                "sha256:1dfa985f62b137909496e7fc182dac687206d8d089dd03eaeb28ae16eec8e7d5",
                "sha256:1e4014639d3d73fbc5ceff206049c5a9a849cefd106a49fa7aaaa25cc0ce35cf",
                "sha256:22e91636a51170df0ae4dcbd250d318fd28c9f491c4e50b625a49964b24fe46e",
                "sha256:3b3eba865ea2754738616f87292b7f29448aec342a7c720956f8083d252bf28b",
                "sha256:651448cd2e3a6bc2bb76c3663785133c40d5e1a8c1a9c5429e4354201c6024ae",
                "sha256:726086c17f94747cedbee6efa77e99ae170caebeb1116353c6cf0ab67ea6829b",
                "sha256:844a76bc04472e5135b909da6aed84360f522ff5dfa47f93e3dd2a0b84a89fa0",
                "sha256:88c881dd5a147e08d1bdcf2315c04972381d026cdb803325c03fe2b4a8ed858b",
                "sha256:96c080ae7118c10fcbe6229ab43eb8b090fccd31a09ef55f83f690d1ef619a1d",
                "sha256:a0c30272fb4ddda5f5ffc1089d7405b7a71b0b0f51993cb4e5dbb4590b2fc229",
                "sha256:bb1f0281887d89617b4c68e8db9a2c42b9efebf2702a3c5bf70599421a8623e3",
                "sha256:c447cf087cf2dbddc1add6987bbe2f767ed5317adb2d08af940db517dd704365",
                "sha256:c4fd17d92e9d55b84707f4fd09992081ba872d1a0c610c109c18e062e06a2e55",
                "sha256:d0d5aeaedd29be304848f1c5059074a740fa9f6f26b84c5b63e8b29e73dfc270",
                "sha256:daf54a4b07d67ad437ff239c8a4080cfd1cc7213df57d33c97de7b4738048d5e",
                "sha256:e993468c859d084d5579e2ebee101de8f5a27ce8e2159959b6673b418fd8c785",
                "sha256:f118a95c7480f5be0df8afeb9a11bd199aa20afab7a96bcf20409b411a3a85f0"
            ],
            "markers": "python_version >= '2.7' and python_version not in '3.0, 3.1, 3.2, 3.3, 3.4'",
            "version": "==2.9.2"
        },
        "distro": {
            "hashes": [
                "sha256:0e58756ae38fbd8fc3020d54badb8eae17c5b9dcbed388b17bb55b8a5928df92",
                "sha256:df74eed763e18d10d0da624258524ae80486432cd17392d9c3d96f5e83cd2799"
            ],
            "index": "pypi",
            "version": "==1.5.0"
        },
        "edtf": {
            "hashes": [
                "sha256:4f4a7425a4a32862f5870de4facecc9050f01a57e19394eb9739fb970cab810e",
                "sha256:744135d392774c636425d8ed6dc9182093f2c0174ca9f3f7968588b0168d826c"
            ],
            "index": "pypi",
            "version": "==4.0.1"
        },
        "emoji": {
            "hashes": [
                "sha256:60652d3a2dcee5b8af8acb097c31776fb6d808027aeb7221830f72cdafefc174"
            ],
            "index": "pypi",
            "version": "==0.5.4"
        },
        "fuzzywuzzy": {
            "hashes": [
                "sha256:45016e92264780e58972dca1b3d939ac864b78437422beecebb3095f8efd00e8",
                "sha256:928244b28db720d1e0ee7587acf660ea49d7e4c632569cad4f1cd7e68a5f0993"
            ],
            "index": "pypi",
            "version": "==0.18.0"
        },
        "gevent": {
            "hashes": [
                "sha256:0b16dd85eddaf6acdad373ce90ed4da09ef466cbc5e0ee5932d13f099929e844",
                "sha256:0f3fbb1703b10609856e5dffb0e358bf5edf57e52dc7cd7226e3f8674fdc0a0f",
                "sha256:13c74d6784ef5ada2666abf2bb310d27a1d14291f7cac46148f336b19f714d40",
                "sha256:1ea0d34cb78cdf37870be3bfb9330ebda89197bed9e048c14f4a90dec19a33e0",
                "sha256:354f932c284fa45826b32f42927d892096cce05671b50b3ff59528230217ad47",
                "sha256:3cb2f6978615d52e4e4e667b035c11a7272bb68b14d119faf1b138164b2f354f",
                "sha256:67776cb33b638a3c61a0351d9d1e8f33a46b47de619e249de1159892f9ff035c",
                "sha256:68764aca061bbbbade43727e797f9c28042f6d90cca5fb6514ef726d43ab00ca",
                "sha256:6c864b5604166ac8351e3128a1135b883b9e978fd24afbd75a249dcb42bc8ab5",
                "sha256:73eb4cf3114fbb5dd801bd0b93941adfa2fa6d99e91976c20a121ea14b8b39b9",
                "sha256:76ef4c6e3332e6f7278142d791b28695adfce39735900fccef2a0f1d894f6b36",
                "sha256:78bd94f6f2ac366155169df3507068f6381f2ad77625633189ce183f86a57597",
                "sha256:7d8408854ce892f987305a0e9bf5c051f4ea29453665454396d6afb620c719b6",
                "sha256:9527087984f1659be899b3300d5d61c7c5b01d8beae106aff5160316da8bc56f",
                "sha256:a18d8dd9bfa994a22f30adfa0563d80f0809140045c34f85535f422813d25855",
                "sha256:a23c2abf08e851c988723f6a2996d495f513a2c0dc70f9956af03af8debdb5d1",
                "sha256:a47556cac07e31b3cef8fd701599b3b1365961fe3736471f41807ffa27c5c848",
                "sha256:b03890bbddbae5667f5baad517417056496ff5e92c3c7945b27cc08f55a9fcb2",
                "sha256:b17915b65b49a425115ddc3087484c81b1e47ce38c931d18bb14e453753e4d06",
                "sha256:bef18b8bd3b728240b9bbd699737216b793d6c97b482431f69dcbe328ad73692",
                "sha256:c0f4340e40e0f9dfe93a52a12ddf5b1eeda9bbc89b99bf3b9b23acab0dfae0a4",
                "sha256:d0a67a20ce325f6a2068e0bd9fbf83db8a5f5ced972ed8ac5c20079a7d98c7d1",
                "sha256:d3baff87d935a5eeffb0e4f7cd5ffe258d2430cd62aeee2e5396f85da07df435",
                "sha256:e5ca5ee80a9d9e697c9fc22b4bbce9ad06870f83fc8e7774e5504892ef702476",
                "sha256:ea2e4584950186b71d648bde6af40dae4d4c6f43db25a732ec056b27a7a83afe",
                "sha256:ebb8a545112110e3a6edf905ae1556b0538fc148c743aa7d8cfaebbbc23de31d",
                "sha256:f2a02d9004ccb18edd9eaf6f25da9a7763de41a69754d5e4d872a8cbf8bd0b72",
                "sha256:f41cc8e853ac2252bc58f6feabd74b8aae613e2d19097c5373463122f4dc08f0"
            ],
            "markers": "python_version >= '2.7' and python_version not in '3.0, 3.1, 3.2, 3.3, 3.4'",
            "version": "==20.6.2"
        },
        "gitdb": {
            "hashes": [
                "sha256:91f36bfb1ab7949b3b40e23736db18231bf7593edada2ba5c3a174a7b23657ac",
                "sha256:c9e1f2d0db7ddb9a704c2a0217be31214e91a4fe1dea1efad19ae42ba0c285c9"
            ],
            "markers": "python_version >= '3.4'",
            "version": "==4.0.5"
        },
        "gitpython": {
            "hashes": [
                "sha256:e107af4d873daed64648b4f4beb89f89f0cfbe3ef558fc7821ed2331c2f8da1a",
                "sha256:ef1d60b01b5ce0040ad3ec20bc64f783362d41fa0822a2742d3586e1f49bb8ac"
            ],
            "index": "pypi",
            "version": "==3.1.3"
        },
        "google-api-core": {
            "hashes": [
                "sha256:7b65e8e5ee59bd7517eab2bf9b3008e7b50fd9fb591d4efd780ead6859cd904b",
                "sha256:fea9a434068406ddabe2704988d24d6c5bde3ecfc40823a34f43892d017b14f6"
            ],
            "markers": "python_version >= '2.7' and python_version not in '3.0, 3.1, 3.2, 3.3'",
            "version": "==1.21.0"
        },
        "google-api-python-client": {
            "hashes": [
                "sha256:220349ce189a85229fc46875d467101318495a4a735c0ff2f165b9bdbc7511a0",
                "sha256:f8e73dd6433f8218922c952e09adc4fc0dbc360f9959cf427565a16e8d4c5d25"
            ],
            "index": "pypi",
            "version": "==1.9.3"
        },
        "google-auth": {
            "hashes": [
                "sha256:5e3f540b7b0b892000d542cea6b818b837c230e9a4db9337bb2973bcae0fc078",
                "sha256:d6b390d3bb0969061ffec7e5766c45c1b39e13c302691e35029f1ad1ccd8ca3b"
            ],
            "markers": "python_version >= '2.7' and python_version not in '3.0, 3.1, 3.2, 3.3'",
            "version": "==1.18.0"
        },
        "google-auth-httplib2": {
            "hashes": [
                "sha256:098fade613c25b4527b2c08fa42d11f3c2037dda8995d86de0745228e965d445",
                "sha256:f1c437842155680cf9918df9bc51c1182fda41feef88c34004bd1978c8157e08"
            ],
            "version": "==0.0.3"
        },
        "googleapis-common-protos": {
            "hashes": [
                "sha256:560716c807117394da12cecb0a54da5a451b5cf9866f1d37e9a5e2329a665351",
                "sha256:c8961760f5aad9a711d37b675be103e0cc4e9a39327e0d6d857872f698403e24"
            ],
            "markers": "python_version >= '2.7' and python_version not in '3.0, 3.1, 3.2, 3.3'",
            "version": "==1.52.0"
        },
        "greenlet": {
            "hashes": [
                "sha256:1000038ba0ea9032948e2156a9c15f5686f36945e8f9906e6b8db49f358e7b52",
                "sha256:133ba06bad4e5f2f8bf6a0ac434e0fd686df749a86b3478903b92ec3a9c0c90b",
                "sha256:1429dc183b36ec972055e13250d96e174491559433eb3061691b446899b87384",
                "sha256:1b805231bfb7b2900a16638c3c8b45c694334c811f84463e52451e00c9412691",
                "sha256:3a35e33902b2e6079949feed7a2dafa5ac6f019da97bd255842bb22de3c11bf5",
                "sha256:5ea034d040e6ab1d2ae04ab05a3f37dbd719c4dee3804b13903d4cc794b1336e",
                "sha256:682328aa576ec393c1872615bcb877cf32d800d4a2f150e1a5dc7e56644010b1",
                "sha256:6e06eac722676797e8fce4adb8ad3dc57a1bb3adfb0dd3fdf8306c055a38456c",
                "sha256:7eed31f4efc8356e200568ba05ad645525f1fbd8674f1e5be61a493e715e3873",
                "sha256:80cb0380838bf4e48da6adedb0c7cd060c187bb4a75f67a5aa9ec33689b84872",
                "sha256:b0b2a984bbfc543d144d88caad6cc7ff4a71be77102014bd617bd88cfb038727",
                "sha256:c196a5394c56352e21cb7224739c6dd0075b69dd56f758505951d1d8d68cf8a9",
                "sha256:d83c1d38658b0f81c282b41238092ed89d8f93c6e342224ab73fb39e16848721",
                "sha256:df7de669cbf21de4b04a3ffc9920bc8426cab4c61365fa84d79bf97401a8bef7",
                "sha256:e5db19d4a7d41bbeb3dd89b49fc1bc7e6e515b51bbf32589c618655a0ebe0bf0",
                "sha256:e695ac8c3efe124d998230b219eb51afb6ef10524a50b3c45109c4b77a8a3a92",
                "sha256:eac2a3f659d5f41d6bbfb6a97733bc7800ea5e906dc873732e00cebb98cec9e4"
            ],
            "markers": "platform_python_implementation == 'CPython'",
            "version": "==0.4.16"
        },
        "httplib2": {
            "hashes": [
                "sha256:8af66c1c52c7ffe1aa5dc4bcd7c769885254b0756e6e69f953c7f0ab49a70ba3",
                "sha256:ca2914b015b6247791c4866782fa6042f495b94401a0f0bd3e1d6e0ba2236782"
            ],
            "version": "==0.18.1"
        },
        "idna": {
            "hashes": [
                "sha256:7588d1c14ae4c77d74036e8c22ff447b26d0fde8f007354fd48a7814db15b7cb",
                "sha256:a068a21ceac8a4d63dbfd964670474107f541babbd2250d61922f029858365fa"
            ],
            "markers": "python_version >= '2.7' and python_version not in '3.0, 3.1, 3.2, 3.3'",
            "version": "==2.9"
        },
        "markovify": {
            "hashes": [
                "sha256:b5c073ed9a0c61e06a5084bf35b657977fac856da8a72bb491a4da992bd9cecd"
            ],
            "index": "pypi",
            "version": "==0.8.2"
        },
        "munch": {
            "hashes": [
                "sha256:2d735f6f24d4dba3417fa448cae40c6e896ec1fdab6cdb5e6510999758a4dbd2",
                "sha256:6f44af89a2ce4ed04ff8de41f70b226b984db10a91dcc7b9ac2efc1c77022fdd"
            ],
            "index": "pypi",
            "version": "==2.5.0"
        },
        "numpy": {
            "hashes": [
                "sha256:0172304e7d8d40e9e49553901903dc5f5a49a703363ed756796f5808a06fc233",
                "sha256:34e96e9dae65c4839bd80012023aadd6ee2ccb73ce7fdf3074c62f301e63120b",
                "sha256:3676abe3d621fc467c4c1469ee11e395c82b2d6b5463a9454e37fe9da07cd0d7",
                "sha256:3dd6823d3e04b5f223e3e265b4a1eae15f104f4366edd409e5a5e413a98f911f",
                "sha256:4064f53d4cce69e9ac613256dc2162e56f20a4e2d2086b1956dd2fcf77b7fac5",
                "sha256:4674f7d27a6c1c52a4d1aa5f0881f1eff840d2206989bae6acb1c7668c02ebfb",
                "sha256:7d42ab8cedd175b5ebcb39b5208b25ba104842489ed59fbb29356f671ac93583",
                "sha256:965df25449305092b23d5145b9bdaeb0149b6e41a77a7d728b1644b3c99277c1",
                "sha256:9c9d6531bc1886454f44aa8f809268bc481295cf9740827254f53c30104f074a",
                "sha256:a78e438db8ec26d5d9d0e584b27ef25c7afa5a182d1bf4d05e313d2d6d515271",
                "sha256:a7acefddf994af1aeba05bbbafe4ba983a187079f125146dc5859e6d817df824",
                "sha256:a87f59508c2b7ceb8631c20630118cc546f1f815e034193dc72390db038a5cb3",
                "sha256:ac792b385d81151bae2a5a8adb2b88261ceb4976dbfaaad9ce3a200e036753dc",
                "sha256:b03b2c0badeb606d1232e5f78852c102c0a7989d3a534b3129e7856a52f3d161",
                "sha256:b39321f1a74d1f9183bf1638a745b4fd6fe80efbb1f6b32b932a588b4bc7695f",
                "sha256:cae14a01a159b1ed91a324722d746523ec757357260c6804d11d6147a9e53e3f",
                "sha256:cd49930af1d1e49a812d987c2620ee63965b619257bd76eaaa95870ca08837cf",
                "sha256:e15b382603c58f24265c9c931c9a45eebf44fe2e6b4eaedbb0d025ab3255228b",
                "sha256:e91d31b34fc7c2c8f756b4e902f901f856ae53a93399368d9a0dc7be17ed2ca0",
                "sha256:ef627986941b5edd1ed74ba89ca43196ed197f1a206a3f18cc9faf2fb84fd675",
                "sha256:f718a7949d1c4f622ff548c572e0c03440b49b9531ff00e4ed5738b459f011e8"
            ],
            "index": "pypi",
            "version": "==1.18.5"
        },
        "pandas": {
            "hashes": [
                "sha256:02f1e8f71cd994ed7fcb9a35b6ddddeb4314822a0e09a9c5b2d278f8cb5d4096",
                "sha256:13f75fb18486759da3ff40f5345d9dd20e7d78f2a39c5884d013456cec9876f0",
                "sha256:35b670b0abcfed7cad76f2834041dcf7ae47fd9b22b63622d67cdc933d79f453",
                "sha256:4c73f373b0800eb3062ffd13d4a7a2a6d522792fa6eb204d67a4fad0a40f03dc",
                "sha256:5759edf0b686b6f25a5d4a447ea588983a33afc8a0081a0954184a4a87fd0dd7",
                "sha256:5a7cf6044467c1356b2b49ef69e50bf4d231e773c3ca0558807cdba56b76820b",
                "sha256:69c5d920a0b2a9838e677f78f4dde506b95ea8e4d30da25859db6469ded84fa8",
                "sha256:8778a5cc5a8437a561e3276b85367412e10ae9fff07db1eed986e427d9a674f8",
                "sha256:9871ef5ee17f388f1cb35f76dc6106d40cb8165c562d573470672f4cdefa59ef",
                "sha256:9c31d52f1a7dd2bb4681d9f62646c7aa554f19e8e9addc17e8b1b20011d7522d",
                "sha256:ab8173a8efe5418bbe50e43f321994ac6673afc5c7c4839014cf6401bbdd0705",
                "sha256:ae961f1f0e270f1e4e2273f6a539b2ea33248e0e3a11ffb479d757918a5e03a9",
                "sha256:b3c4f93fcb6e97d993bf87cdd917883b7dab7d20c627699f360a8fb49e9e0b91",
                "sha256:c9410ce8a3dee77653bc0684cfa1535a7f9c291663bd7ad79e39f5ab58f67ab3",
                "sha256:f69e0f7b7c09f1f612b1f8f59e2df72faa8a6b41c5a436dde5b615aaf948f107",
                "sha256:faa42a78d1350b02a7d2f0dbe3c80791cf785663d6997891549d0f86dc49125e"
            ],
            "index": "pypi",
            "version": "==1.0.5"
        },
        "pendulum": {
            "hashes": [
                "sha256:093cab342e10516660e64b935a6da1a043e0286de36cc229fb48471415981ffe",
                "sha256:0cbbd4f30c69a283690d9ed8e58e44a990e067e59ee05b5ef55d022b38659aeb",
                "sha256:2788945a0111d5325fd27ae3e3b18b741e440d20bdb7d4ea22fce7c9a4fbbf40",
                "sha256:4420e058110740a8193fb0709350dfc6ac790a99c345fc4e92e24df0f834ddcb",
                "sha256:575934b65b298eeb99c5a5b1673c945fc5c99e2b56caff772a91bc4b1eba7b82",
                "sha256:6cf0f876cd088ee1578266f4231121376747aa90c3ed3b8e212a8344a9920061",
                "sha256:70007aebc4494163f8705909a1996ce21ab853801b57fba4c2dd53c3df5c38f0",
                "sha256:701127e1f0ff7c253cc0c07f29becc5f9210547914e0bbe59ffd9fa064d7c3c8",
                "sha256:75a62e3f98499283fafe8ef4b44f81052e84825b00a0b64609dd8a06985382b9",
                "sha256:816e01dcb0ba4ffcf2ceaafe4d644174fea680361e909f6f8ba0a4fdb2ccae24",
                "sha256:9eda38ff65b1f297d860d3f562480e048673fb4b81fdd5c8c55decb519b97ed2",
                "sha256:a79a72a7fd1092a7c69ddd8580a0be5365ded40c9f9c865623c7665742e3b888",
                "sha256:aa13ddea12fd871d3191f633f08090b91ea2e80fb0ed50a7a149add7f680b12d",
                "sha256:aa560bd39d94f3889646422f1e65b8dfd025bf6288d43e5c2e31d4f972aaf2e4",
                "sha256:ac3c6a992beeb4c9bd90c317a1bb2a6cba159b49a49b6dd3c86b5bacb86f3d50",
                "sha256:d42d1e870541eeaf3fe0500aac0c76a85bd4bd53ebed74f9a7daf8f01ac77374",
                "sha256:eb7e349bb2d1b2b418d094e2179d6768561e8242fd8cb640b5aaba735f3e91d1",
                "sha256:edd00e6b43698762e10bfda508cc9c06bad88c0703a9b37e412aec1189e06e23",
                "sha256:ff7f3420de0c0cf21c1fc813d581fcfa4a1fb6d87f09485880b3e1204eb9cdd7"
            ],
            "index": "pypi",
            "version": "==2.1.0"
        },
        "plop": {
            "hashes": [
                "sha256:2b583cc2e34f6bb10832793b87b58eaa555ea31a2c8b62b42fac65411cf90139"
            ],
            "index": "pypi",
            "version": "==0.4.0"
        },
        "protobuf": {
            "hashes": [
                "sha256:304e08440c4a41a0f3592d2a38934aad6919d692bb0edfb355548786728f9a5e",
                "sha256:49ef8ab4c27812a89a76fa894fe7a08f42f2147078392c0dee51d4a444ef6df5",
                "sha256:50b5fee674878b14baea73b4568dc478c46a31dd50157a5b5d2f71138243b1a9",
                "sha256:5524c7020eb1fb7319472cb75c4c3206ef18b34d6034d2ee420a60f99cddeb07",
                "sha256:612bc97e42b22af10ba25e4140963fbaa4c5181487d163f4eb55b0b15b3dfcd2",
                "sha256:6f349adabf1c004aba53f7b4633459f8ca8a09654bf7e69b509c95a454755776",
                "sha256:85b94d2653b0fdf6d879e39d51018bf5ccd86c81c04e18a98e9888694b98226f",
                "sha256:87535dc2d2ef007b9d44e309d2b8ea27a03d2fa09556a72364d706fcb7090828",
                "sha256:a7ab28a8f1f043c58d157bceb64f80e4d2f7f1b934bc7ff5e7f7a55a337ea8b0",
                "sha256:a96f8fc625e9ff568838e556f6f6ae8eca8b4837cdfb3f90efcb7c00e342a2eb",
                "sha256:b5a114ea9b7fc90c2cc4867a866512672a47f66b154c6d7ee7e48ddb68b68122",
                "sha256:be04fe14ceed7f8641e30f36077c1a654ff6f17d0c7a5283b699d057d150d82a",
                "sha256:bff02030bab8b969f4de597543e55bd05e968567acb25c0a87495a31eb09e925",
                "sha256:c9ca9f76805e5a637605f171f6c4772fc4a81eced4e2f708f79c75166a2c99ea",
                "sha256:e1464a4a2cf12f58f662c8e6421772c07947266293fb701cb39cd9c1e183f63c",
                "sha256:e72736dd822748b0721f41f9aaaf6a5b6d5cfc78f6c8690263aef8bba4457f0e",
                "sha256:eafe9fa19fcefef424ee089fb01ac7177ff3691af7cc2ae8791ae523eb6ca907",
                "sha256:f4b73736108a416c76c17a8a09bc73af3d91edaa26c682aaa460ef91a47168d3"
            ],
            "version": "==3.12.2"
        },
        "pyaib": {
            "git": "https://github.com/rossjrw/pyaib.git",
            "ref": "fa7e79cd687a168bdec266ab5bbb038e35b5b340"
        },
        "pyasn1": {
            "hashes": [
                "sha256:014c0e9976956a08139dc0712ae195324a75e142284d5f87f1a87ee1b068a359",
                "sha256:03840c999ba71680a131cfaee6fab142e1ed9bbd9c693e285cc6aca0d555e576",
                "sha256:0458773cfe65b153891ac249bcf1b5f8f320b7c2ce462151f8fa74de8934becf",
                "sha256:08c3c53b75eaa48d71cf8c710312316392ed40899cb34710d092e96745a358b7",
                "sha256:39c7e2ec30515947ff4e87fb6f456dfc6e84857d34be479c9d4a4ba4bf46aa5d",
                "sha256:5c9414dcfede6e441f7e8f81b43b34e834731003427e5b09e4e00e3172a10f00",
                "sha256:6e7545f1a61025a4e58bb336952c5061697da694db1cae97b116e9c46abcf7c8",
                "sha256:78fa6da68ed2727915c4767bb386ab32cdba863caa7dbe473eaae45f9959da86",
                "sha256:7ab8a544af125fb704feadb008c99a88805126fb525280b2270bb25cc1d78a12",
                "sha256:99fcc3c8d804d1bc6d9a099921e39d827026409a58f2a720dcdb89374ea0c776",
                "sha256:aef77c9fb94a3ac588e87841208bdec464471d9871bd5050a287cc9a475cd0ba",
                "sha256:e89bf84b5437b532b0803ba5c9a5e054d21fec423a89952a74f87fa2c9b7bce2",
                "sha256:fec3e9d8e36808a28efb59b489e4528c10ad0f480e57dcc32b4de5c9d8c9fdf3"
            ],
            "version": "==0.4.8"
        },
        "pyasn1-modules": {
            "hashes": [
                "sha256:0845a5582f6a02bb3e1bde9ecfc4bfcae6ec3210dd270522fee602365430c3f8",
                "sha256:0fe1b68d1e486a1ed5473f1302bd991c1611d319bba158e98b106ff86e1d7199",
                "sha256:15b7c67fabc7fc240d87fb9aabf999cf82311a6d6fb2c70d00d3d0604878c811",
                "sha256:426edb7a5e8879f1ec54a1864f16b882c2837bfd06eee62f2c982315ee2473ed",
                "sha256:65cebbaffc913f4fe9e4808735c95ea22d7a7775646ab690518c056784bc21b4",
                "sha256:905f84c712230b2c592c19470d3ca8d552de726050d1d1716282a1f6146be65e",
                "sha256:a50b808ffeb97cb3601dd25981f6b016cbb3d31fbf57a8b8a87428e6158d0c74",
                "sha256:a99324196732f53093a84c4369c996713eb8c89d360a496b599fb1a9c47fc3eb",
                "sha256:b80486a6c77252ea3a3e9b1e360bc9cf28eaac41263d173c032581ad2f20fe45",
                "sha256:c29a5e5cc7a3f05926aff34e097e84f8589cd790ce0ed41b67aed6857b26aafd",
                "sha256:cbac4bc38d117f2a49aeedec4407d23e8866ea4ac27ff2cf7fb3e5b570df19e0",
                "sha256:f39edd8c4ecaa4556e989147ebf219227e2cd2e8a43c7e7fcb1f1c18c5fd6a3d",
                "sha256:fe0644d9ab041506b62782e92b06b8c68cca799e1a9636ec398675459e031405"
            ],
            "version": "==0.2.8"
        },
        "pycparser": {
            "hashes": [
                "sha256:2d475327684562c3a96cc71adf7dc8c4f0565175cf86b6d7a404ff4c771f15f0",
                "sha256:7582ad22678f0fcd81102833f60ef8d0e57288b6b5fb00323d101be910e35705"
            ],
            "markers": "python_version >= '2.7' and python_version not in '3.0, 3.1, 3.2, 3.3'",
            "version": "==2.20"
        },
        "pyopenssl": {
            "hashes": [
                "sha256:621880965a720b8ece2f1b2f54ea2071966ab00e2970ad2ce11d596102063504",
                "sha256:9a24494b2602aaf402be5c9e30a0b82d4a5c67528fe8fb475e3f3bc00dd69507"
            ],
            "version": "==19.1.0"
        },
        "pyparsing": {
            "hashes": [
                "sha256:c203ec8783bf771a155b207279b9bccb8dea02d8f0c9e5f8ead507bc3246ecc1",
                "sha256:ef9d7589ef3c200abe66653d3f1ab1033c3c419ae9b9bdb1240a85b024efc88b"
            ],
            "markers": "python_version >= '2.6' and python_version not in '3.0, 3.1, 3.2, 3.3'",
            "version": "==2.4.7"
        },
        "pypika": {
            "hashes": [
                "sha256:b4945a85019536e17e6a7aaed0516f35a51c5fcd45f45b73d1432b9662b1ab92"
            ],
            "index": "pypi",
            "version": "==0.37.8"
        },
        "python-dateutil": {
            "hashes": [
                "sha256:73ebfe9dbf22e832286dafa60473e4cd239f8592f699aa5adaf10050e6e1823c",
                "sha256:75bb3f31ea686f1197762692a9ee6a7550b59fc6ca3a1f4b5d7e32fb98e2da2a"
            ],
            "markers": "python_version >= '2.7' and python_version not in '3.0, 3.1, 3.2, 3.3'",
            "version": "==2.8.1"
        },
        "python-levenshtein": {
            "hashes": [
                "sha256:033a11de5e3d19ea25c9302d11224e1a1898fe5abd23c61c7c360c25195e3eb1"
            ],
            "index": "pypi",
            "version": "==0.12.0"
        },
        "pytz": {
            "hashes": [
                "sha256:a494d53b6d39c3c6e44c3bec237336e14305e4f29bbf800b599253057fbb79ed",
                "sha256:c35965d010ce31b23eeb663ed3cc8c906275d6be1a34393a1d73a41febf4a048"
            ],
            "version": "==2020.1"
        },
        "pytzdata": {
            "hashes": [
                "sha256:84c52b9a47d097fcd483f047a544979de6c3a86e94c845e3569e9f8acd0fa071",
                "sha256:fac06f7cdfa903188dc4848c655e4adaee67ee0f2fe08e7daf815cf2a761ee5e"
            ],
            "markers": "python_version >= '2.7' and python_version not in '3.0, 3.1, 3.2, 3.3'",
            "version": "==2019.3"
        },
        "pyyaml": {
            "hashes": [
                "sha256:06a0d7ba600ce0b2d2fe2e78453a470b5a6e000a985dd4a4e54e436cc36b0e97",
                "sha256:240097ff019d7c70a4922b6869d8a86407758333f02203e0fc6ff79c5dcede76",
                "sha256:4f4b913ca1a7319b33cfb1369e91e50354d6f07a135f3b901aca02aa95940bd2",
                "sha256:69f00dca373f240f842b2931fb2c7e14ddbacd1397d57157a9b005a6a9942648",
                "sha256:73f099454b799e05e5ab51423c7bcf361c58d3206fa7b0d555426b1f4d9a3eaf",
                "sha256:74809a57b329d6cc0fdccee6318f44b9b8649961fa73144a98735b0aaf029f1f",
                "sha256:7739fc0fa8205b3ee8808aea45e968bc90082c10aef6ea95e855e10abf4a37b2",
                "sha256:95f71d2af0ff4227885f7a6605c37fd53d3a106fcab511b8860ecca9fcf400ee",
                "sha256:b8eac752c5e14d3eca0e6dd9199cd627518cb5ec06add0de9d32baeee6fe645d",
                "sha256:cc8955cfbfc7a115fa81d85284ee61147059a753344bc51098f3ccd69b0d7e0c",
                "sha256:d13155f591e6fcc1ec3b30685d50bf0711574e2c0dfffd7644babf8b5102ca1a"
            ],
            "version": "==5.3.1"
        },
        "requests": {
            "hashes": [
                "sha256:b3559a131db72c33ee969480840fff4bb6dd111de7dd27c8ee1f820f4f00231b",
                "sha256:fe75cc94a9443b9246fc7049224f75604b113c36acb93f87b80ed42c44cbb898"
            ],
            "index": "pypi",
            "version": "==2.24.0"
        },
        "rsa": {
            "hashes": [
                "sha256:109ea5a66744dd859bf16fe904b8d8b627adafb9408753161e766a92e7d681fa",
                "sha256:6166864e23d6b5195a5cfed6cd9fed0fe774e226d8f854fcb23b7bbef0350233"
            ],
            "markers": "python_version >= '3'",
            "version": "==4.6"
        },
        "scuttle": {
            "editable": true,
            "path": "./../python-scuttle"
        },
        "six": {
            "hashes": [
                "sha256:30639c035cdb23534cd4aa2dd52c3bf48f06e5f4a941509c8bafd8ce11080259",
                "sha256:8b74bedcbbbaca38ff6d7491d76f2b06b3592611af620f8426e82dddb04a5ced"
            ],
            "markers": "python_version >= '2.7' and python_version not in '3.0, 3.1, 3.2, 3.3'",
            "version": "==1.15.0"
        },
        "smmap": {
            "hashes": [
                "sha256:54c44c197c819d5ef1991799a7e30b662d1e520f2ac75c9efbeb54a742214cf4",
                "sha256:9c98bbd1f9786d22f14b3d4126894d56befb835ec90cef151af566c7e19b5d24"
            ],
            "markers": "python_version >= '2.7' and python_version not in '3.0, 3.1, 3.2, 3.3'",
            "version": "==3.0.4"
        },
        "soupsieve": {
            "hashes": [
                "sha256:1634eea42ab371d3d346309b93df7870a88610f0725d47528be902a0d95ecc55",
                "sha256:a59dc181727e95d25f781f0eb4fd1825ff45590ec8ff49eadfd7f1a537cc0232"
            ],
            "markers": "python_version >= '3.5'",
            "version": "==2.0.1"
        },
        "tomlkit": {
            "hashes": [
                "sha256:74f976908030ff164c0aa1edabe3bf83ea004b3daa5b0940b9c86a060c004e9a",
                "sha256:e5d5f20809c2b09276a6c5d98fb0202325aee441a651db84ac12e0812ab7e569"
            ],
            "index": "pypi",
            "version": "==0.6.0"
        },
        "tornado": {
            "hashes": [
                "sha256:0fe2d45ba43b00a41cd73f8be321a44936dc1aba233dee979f17a042b83eb6dc",
                "sha256:22aed82c2ea340c3771e3babc5ef220272f6fd06b5108a53b4976d0d722bcd52",
                "sha256:2c027eb2a393d964b22b5c154d1a23a5f8727db6fda837118a776b29e2b8ebc6",
                "sha256:5217e601700f24e966ddab689f90b7ea4bd91ff3357c3600fa1045e26d68e55d",
                "sha256:5618f72e947533832cbc3dec54e1dffc1747a5cb17d1fd91577ed14fa0dc081b",
                "sha256:5f6a07e62e799be5d2330e68d808c8ac41d4a259b9cea61da4101b83cb5dc673",
                "sha256:c58d56003daf1b616336781b26d184023ea4af13ae143d9dda65e31e534940b9",
                "sha256:c952975c8ba74f546ae6de2e226ab3cc3cc11ae47baf607459a6728585bb542a",
                "sha256:c98232a3ac391f5faea6821b53db8db461157baa788f5d6222a193e9456e1740"
            ],
            "markers": "python_version >= '3.5'",
            "version": "==6.0.4"
        },
        "unidecode": {
            "hashes": [
                "sha256:1d7a042116536098d05d599ef2b8616759f02985c85b4fef50c78a5aaf10822a",
                "sha256:2b6aab710c2a1647e928e36d69c21e76b453cd455f4e2621000e54b2a9b8cce8"
            ],
            "version": "==1.1.1"
        },
        "uritemplate": {
            "hashes": [
                "sha256:07620c3f3f8eed1f12600845892b0e036a2420acf513c53f7de0abd911a5894f",
                "sha256:5af8ad10cec94f215e3f48112de2022e1d5a37ed427fbd88652fa908f2ab7cae"
            ],
            "markers": "python_version >= '2.7' and python_version not in '3.0, 3.1, 3.2, 3.3'",
            "version": "==3.0.1"
        },
        "urllib3": {
            "hashes": [
                "sha256:3018294ebefce6572a474f0604c2021e33b3fd8006ecd11d62107a5d2a963527",
                "sha256:88206b0eb87e6d677d424843ac5209e3fb9d0190d0ee169599165ec25e9d9115"
            ],
            "index": "pypi",
            "version": "==1.25.9"
        },
        "zipp": {
            "editable": true,
            "path": "./../python-scuttle"
        },
        "zope.event": {
            "hashes": [
                "sha256:69c27debad9bdacd9ce9b735dad382142281ac770c4a432b533d6d65c4614bcf",
                "sha256:d8e97d165fd5a0997b45f5303ae11ea3338becfe68c401dd88ffd2113fe5cae7"
            ],
            "version": "==4.4"
        },
        "zope.interface": {
            "hashes": [
                "sha256:0103cba5ed09f27d2e3de7e48bb320338592e2fabc5ce1432cf33808eb2dfd8b",
                "sha256:14415d6979356629f1c386c8c4249b4d0082f2ea7f75871ebad2e29584bd16c5",
                "sha256:1ae4693ccee94c6e0c88a4568fb3b34af8871c60f5ba30cf9f94977ed0e53ddd",
                "sha256:1b87ed2dc05cb835138f6a6e3595593fea3564d712cb2eb2de963a41fd35758c",
                "sha256:269b27f60bcf45438e8683269f8ecd1235fa13e5411de93dae3b9ee4fe7f7bc7",
                "sha256:27d287e61639d692563d9dab76bafe071fbeb26818dd6a32a0022f3f7ca884b5",
                "sha256:39106649c3082972106f930766ae23d1464a73b7d30b3698c986f74bf1256a34",
                "sha256:40e4c42bd27ed3c11b2c983fecfb03356fae1209de10686d03c02c8696a1d90e",
                "sha256:461d4339b3b8f3335d7e2c90ce335eb275488c587b61aca4b305196dde2ff086",
                "sha256:4f98f70328bc788c86a6a1a8a14b0ea979f81ae6015dd6c72978f1feff70ecda",
                "sha256:558a20a0845d1a5dc6ff87cd0f63d7dac982d7c3be05d2ffb6322a87c17fa286",
                "sha256:562dccd37acec149458c1791da459f130c6cf8902c94c93b8d47c6337b9fb826",
                "sha256:5e86c66a6dea8ab6152e83b0facc856dc4d435fe0f872f01d66ce0a2131b7f1d",
                "sha256:60a207efcd8c11d6bbeb7862e33418fba4e4ad79846d88d160d7231fcb42a5ee",
                "sha256:645a7092b77fdbc3f68d3cc98f9d3e71510e419f54019d6e282328c0dd140dcd",
                "sha256:6874367586c020705a44eecdad5d6b587c64b892e34305bb6ed87c9bbe22a5e9",
                "sha256:74bf0a4f9091131de09286f9a605db449840e313753949fe07c8d0fe7659ad1e",
                "sha256:7b726194f938791a6691c7592c8b9e805fc6d1b9632a833b9c0640828cd49cbc",
                "sha256:8149ded7f90154fdc1a40e0c8975df58041a6f693b8f7edcd9348484e9dc17fe",
                "sha256:8cccf7057c7d19064a9e27660f5aec4e5c4001ffcf653a47531bde19b5aa2a8a",
                "sha256:911714b08b63d155f9c948da2b5534b223a1a4fc50bb67139ab68b277c938578",
                "sha256:a5f8f85986197d1dd6444763c4a15c991bfed86d835a1f6f7d476f7198d5f56a",
                "sha256:a744132d0abaa854d1aad50ba9bc64e79c6f835b3e92521db4235a1991176813",
                "sha256:af2c14efc0bb0e91af63d00080ccc067866fb8cbbaca2b0438ab4105f5e0f08d",
                "sha256:b054eb0a8aa712c8e9030065a59b5e6a5cf0746ecdb5f087cca5ec7685690c19",
                "sha256:b0becb75418f8a130e9d465e718316cd17c7a8acce6fe8fe07adc72762bee425",
                "sha256:b1d2ed1cbda2ae107283befd9284e650d840f8f7568cb9060b5466d25dc48975",
                "sha256:ba4261c8ad00b49d48bbb3b5af388bb7576edfc0ca50a49c11dcb77caa1d897e",
                "sha256:d1fe9d7d09bb07228650903d6a9dc48ea649e3b8c69b1d263419cc722b3938e8",
                "sha256:d7804f6a71fc2dda888ef2de266727ec2f3915373d5a785ed4ddc603bbc91e08",
                "sha256:da2844fba024dd58eaa712561da47dcd1e7ad544a257482392472eae1c86d5e5",
                "sha256:dcefc97d1daf8d55199420e9162ab584ed0893a109f45e438b9794ced44c9fd0",
                "sha256:dd98c436a1fc56f48c70882cc243df89ad036210d871c7427dc164b31500dc11",
                "sha256:e74671e43ed4569fbd7989e5eecc7d06dc134b571872ab1d5a88f4a123814e9f",
                "sha256:eb9b92f456ff3ec746cd4935b73c1117538d6124b8617bc0fe6fda0b3816e345",
                "sha256:ebb4e637a1fb861c34e48a00d03cffa9234f42bef923aec44e5625ffb9a8e8f9",
                "sha256:ef739fe89e7f43fb6494a43b1878a36273e5924869ba1d866f752c5812ae8d58",
                "sha256:f40db0e02a8157d2b90857c24d89b6310f9b6c3642369852cdc3b5ac49b92afc",
                "sha256:f68bf937f113b88c866d090fea0bc52a098695173fc613b055a17ff0cf9683b6",
                "sha256:fb55c182a3f7b84c1a2d6de5fa7b1a05d4660d866b91dbf8d74549c57a1499e8"
            ],
            "markers": "python_version >= '2.7' and python_version not in '3.0, 3.1, 3.2, 3.3, 3.4'",
            "version": "==5.1.0"
        }
    },
    "develop": {
        "astroid": {
            "hashes": [
                "sha256:2f4078c2a41bf377eea06d71c9d2ba4eb8f6b1af2135bec27bbbb7d8f12bb703",
                "sha256:bc58d83eb610252fd8de6363e39d4f1d0619c894b0ed24603b881c02e64c7386"
            ],
            "markers": "python_version >= '3.5'",
            "version": "==2.4.2"
        },
        "attrs": {
            "hashes": [
                "sha256:08a96c641c3a74e44eb59afb61a24f2cb9f4d7188748e76ba4bb5edfa3cb7d1c",
                "sha256:f7b7ce16570fe9965acd6d30101a28f62fb4a7f9e926b3bbc9b61f8b04247e72"
            ],
            "markers": "python_version >= '2.7' and python_version not in '3.0, 3.1, 3.2, 3.3'",
            "version": "==19.3.0"
        },
        "isort": {
            "hashes": [
                "sha256:54da7e92468955c4fceacd0c86bd0ec997b0e1ee80d97f67c35a78b719dccab1",
                "sha256:6e811fcb295968434526407adb8796944f1988c5b65e8139058f2014cbe100fd"
            ],
            "markers": "python_version >= '2.7' and python_version not in '3.0, 3.1, 3.2, 3.3'",
            "version": "==4.3.21"
        },
        "jedi": {
            "hashes": [
                "sha256:1ddb0ec78059e8e27ec9eb5098360b4ea0a3dd840bedf21415ea820c21b40a22",
                "sha256:807d5d4f96711a2bcfdd5dfa3b1ae6d09aa53832b182090b222b5efb81f52f63"
            ],
            "index": "pypi",
            "version": "==0.17.1"
        },
        "lazy-object-proxy": {
            "hashes": [
                "sha256:0c4b206227a8097f05c4dbdd323c50edf81f15db3b8dc064d08c62d37e1a504d",
                "sha256:194d092e6f246b906e8f70884e620e459fc54db3259e60cf69a4d66c3fda3449",
                "sha256:1be7e4c9f96948003609aa6c974ae59830a6baecc5376c25c92d7d697e684c08",
                "sha256:4677f594e474c91da97f489fea5b7daa17b5517190899cf213697e48d3902f5a",
                "sha256:48dab84ebd4831077b150572aec802f303117c8cc5c871e182447281ebf3ac50",
                "sha256:5541cada25cd173702dbd99f8e22434105456314462326f06dba3e180f203dfd",
                "sha256:59f79fef100b09564bc2df42ea2d8d21a64fdcda64979c0fa3db7bdaabaf6239",
                "sha256:8d859b89baf8ef7f8bc6b00aa20316483d67f0b1cbf422f5b4dc56701c8f2ffb",
                "sha256:9254f4358b9b541e3441b007a0ea0764b9d056afdeafc1a5569eee1cc6c1b9ea",
                "sha256:9651375199045a358eb6741df3e02a651e0330be090b3bc79f6d0de31a80ec3e",
                "sha256:97bb5884f6f1cdce0099f86b907aa41c970c3c672ac8b9c8352789e103cf3156",
                "sha256:9b15f3f4c0f35727d3a0fba4b770b3c4ebbb1fa907dbcc046a1d2799f3edd142",
                "sha256:a2238e9d1bb71a56cd710611a1614d1194dc10a175c1e08d75e1a7bcc250d442",
                "sha256:a6ae12d08c0bf9909ce12385803a543bfe99b95fe01e752536a60af2b7797c62",
                "sha256:ca0a928a3ddbc5725be2dd1cf895ec0a254798915fb3a36af0964a0a4149e3db",
                "sha256:cb2c7c57005a6804ab66f106ceb8482da55f5314b7fcb06551db1edae4ad1531",
                "sha256:d74bb8693bf9cf75ac3b47a54d716bbb1a92648d5f781fc799347cfc95952383",
                "sha256:d945239a5639b3ff35b70a88c5f2f491913eb94871780ebfabb2568bd58afc5a",
                "sha256:eba7011090323c1dadf18b3b689845fd96a61ba0a1dfbd7f24b921398affc357",
                "sha256:efa1909120ce98bbb3777e8b6f92237f5d5c8ea6758efea36a473e1d38f7d3e4",
                "sha256:f3900e8a5de27447acbf900b4750b0ddfd7ec1ea7fbaf11dfa911141bc522af0"
            ],
            "markers": "python_version >= '2.7' and python_version not in '3.0, 3.1, 3.2, 3.3'",
            "version": "==1.4.3"
        },
        "mccabe": {
            "hashes": [
                "sha256:ab8a6258860da4b6677da4bd2fe5dc2c659cff31b3ee4f7f5d64e79735b80d42",
                "sha256:dd8d182285a0fe56bace7f45b5e7d1a6ebcbf524e8f3bd87eb0f125271b8831f"
            ],
            "version": "==0.6.1"
        },
        "more-itertools": {
            "hashes": [
                "sha256:68c70cc7167bdf5c7c9d8f6954a7837089c6a36bf565383919bb595efb8a17e5",
                "sha256:b78134b2063dd214000685165d81c154522c3ee0a1c0d4d113c80361c234c5a2"
            ],
            "markers": "python_version >= '3.5'",
            "version": "==8.4.0"
        },
        "packaging": {
            "hashes": [
                "sha256:4357f74f47b9c12db93624a82154e9b120fa8293699949152b22065d556079f8",
                "sha256:998416ba6962ae7fbd6596850b80e17859a5753ba17c32284f67bfff33784181"
            ],
            "markers": "python_version >= '2.7' and python_version not in '3.0, 3.1, 3.2, 3.3'",
            "version": "==20.4"
        },
        "parso": {
            "hashes": [
                "sha256:158c140fc04112dc45bca311633ae5033c2c2a7b732fa33d0955bad8152a8dd0",
                "sha256:908e9fae2144a076d72ae4e25539143d40b8e3eafbaeae03c1bfe226f4cdf12c"
            ],
            "markers": "python_version >= '2.7' and python_version not in '3.0, 3.1, 3.2, 3.3'",
            "version": "==0.7.0"
        },
        "pluggy": {
            "hashes": [
                "sha256:15b2acde666561e1298d71b523007ed7364de07029219b604cf808bfa1c765b0",
                "sha256:966c145cd83c96502c3c3868f50408687b38434af77734af1e9ca461a4081d2d"
            ],
            "markers": "python_version >= '2.7' and python_version not in '3.0, 3.1, 3.2, 3.3'",
            "version": "==0.13.1"
        },
        "py": {
            "hashes": [
                "sha256:a673fa23d7000440cc885c17dbd34fafcb7d7a6e230b29f6766400de36a33c44",
                "sha256:f3b3a4c36512a4c4f024041ab51866f11761cc169670204b235f6b20523d4e6b"
            ],
            "markers": "python_version >= '2.7' and python_version not in '3.0, 3.1, 3.2, 3.3'",
            "version": "==1.8.2"
        },
        "pylint": {
            "hashes": [
                "sha256:7dd78437f2d8d019717dbf287772d0b2dbdfd13fc016aa7faa08d67bccc46adc",
                "sha256:d0ece7d223fe422088b0e8f13fa0a1e8eb745ebffcb8ed53d3e95394b6101a1c"
            ],
            "index": "pypi",
            "version": "==2.5.3"
        },
        "pyparsing": {
            "hashes": [
                "sha256:c203ec8783bf771a155b207279b9bccb8dea02d8f0c9e5f8ead507bc3246ecc1",
                "sha256:ef9d7589ef3c200abe66653d3f1ab1033c3c419ae9b9bdb1240a85b024efc88b"
            ],
            "markers": "python_version >= '2.6' and python_version not in '3.0, 3.1, 3.2, 3.3'",
            "version": "==2.4.7"
        },
        "pytest": {
            "hashes": [
                "sha256:5c0db86b698e8f170ba4582a492248919255fcd4c79b1ee64ace34301fb589a1",
                "sha256:7979331bfcba207414f5e1263b5a0f8f521d0f457318836a7355531ed1a4c7d8"
            ],
            "index": "pypi",
            "version": "==5.4.3"
        },
        "six": {
            "hashes": [
                "sha256:30639c035cdb23534cd4aa2dd52c3bf48f06e5f4a941509c8bafd8ce11080259",
                "sha256:8b74bedcbbbaca38ff6d7491d76f2b06b3592611af620f8426e82dddb04a5ced"
            ],
            "markers": "python_version >= '2.7' and python_version not in '3.0, 3.1, 3.2, 3.3'",
            "version": "==1.15.0"
        },
        "toml": {
            "hashes": [
                "sha256:926b612be1e5ce0634a2ca03470f95169cf16f939018233a670519cb4ac58b0f",
                "sha256:bda89d5935c2eac546d648028b9901107a595863cb36bae0c73ac804a9b4ce88"
            ],
            "version": "==0.10.1"
        },
        "wcwidth": {
            "hashes": [
                "sha256:79375666b9954d4a1a10739315816324c3e73110af9d0e102d906fdb0aec009f",
                "sha256:8c6b5b6ee1360b842645f336d9e5d68c55817c26d3050f46b235ef2bc650e48f"
            ],
            "version": "==0.2.4"
        },
        "wrapt": {
            "hashes": [
                "sha256:b62ffa81fb85f4332a4f609cab4ac40709470da05643a082ec1eb88e6d9b97d7"
            ],
            "version": "==1.12.1"
        }
    }
}
